
Microsoft Visual Studio Solution File, Format Version 12.00
# Visual Studio Version 17
VisualStudioVersion = 17.14.37411.7 d17.14
MinimumVisualStudioVersion = 10.0.40219.1
Project("{FAE04EC0-301F-11D3-BF4B-00C04F79EFBC}") = "ConsoleApp9", "ConsoleApp9.csproj", "{B2B3965A-0068-4A9D-A8D7-2434F20A5D8A}"
EndProject
Global
	GlobalSection(SolutionConfigurationPlatforms) = preSolution
		Debug|Any CPU = Debug|Any CPU
		Release|Any CPU = Release|Any CPU
	EndGlobalSection
	GlobalSection(ProjectConfigurationPlatforms) = postSolution
		{B2B3965A-0068-4A9D-A8D7-2434F20A5D8A}.Debug|Any CPU.ActiveCfg = Debug|Any CPU
		{B2B3965A-0068-4A9D-A8D7-2434F20A5D8A}.Debug|Any CPU.Build.0 = Debug|Any CPU
		{B2B3965A-0068-4A9D-A8D7-2434F20A5D8A}.Release|Any CPU.ActiveCfg = Release|Any CPU
		{B2B3965A-0068-4A9D-A8D7-2434F20A5D8A}.Release|Any CPU.Build.0 = Release|Any CPU
	EndGlobalSection
	GlobalSection(SolutionProperties) = preSolution
		HideSolutionNode = FALSE
	EndGlobalSection
	GlobalSection(ExtensibilityGlobals) = postSolution
		SolutionGuid = {D6D02838-CADD-40A9-BD75-C5AE461EDB93}
	EndGlobalSection
EndGlobal
